
Microsoft Visual Studio Solution File, Format Version 12.00
# Visual Studio Version 16
VisualStudioVersion = 16.0.31729.503
MinimumVisualStudioVersion = 10.0.40219.1
Project("{FAE04EC0-301F-11D3-BF4B-00C04F79EFBC}") = "PdfImageThresholdingTool", "PdfImageThresholdingTool.csproj", "{20929FD8-6CC1-4C09-859E-3FDCF1FF5B07}"
EndProject
Global
	GlobalSection(SolutionConfigurationPlatforms) = preSolution
		Debug|Any CPU = Debug|Any CPU
		Release|Any CPU = Release|Any CPU
	EndGlobalSection
	GlobalSection(ProjectConfigurationPlatforms) = postSolution
		{20929FD8-6CC1-4C09-859E-3FDCF1FF5B07}.Debug|Any CPU.ActiveCfg = Debug|Any CPU
		{20929FD8-6CC1-4C09-859E-3FDCF1FF5B07}.Debug|Any CPU.Build.0 = Debug|Any CPU
		{20929FD8-6CC1-4C09-859E-3FDCF1FF5B07}.Release|Any CPU.ActiveCfg = Release|Any CPU
		{20929FD8-6CC1-4C09-859E-3FDCF1FF5B07}.Release|Any CPU.Build.0 = Release|Any CPU
	EndGlobalSection
	GlobalSection(SolutionProperties) = preSolution
		HideSolutionNode = FALSE
	EndGlobalSection
	GlobalSection(ExtensibilityGlobals) = postSolution
		SolutionGuid = {B1314CC3-0C11-43D3-9FB6-3AB8EA1B476F}
	EndGlobalSection
EndGlobal
